schema: '2.0'
stages:
  snakemake:
    cmd: snakemake --configfile=config/config.yml --profile workflow/profiles/nisaba
    deps:
    - path: config/config.yml
      md5: 05ead631bcbc13a7d9cf0d6278f42865
      size: 8026
    outs:
    - path: results/annotated_variants
      md5: 6347795436f9b1234f0883e68917442a.dir
      size: 741547796
      nfiles: 24
    - path: results/log
      md5: 8fee6de288afc5eed6b8ff5f7c9c8910.dir
      size: 6759138
      nfiles: 248
    - path: results/model
      md5: ad6d0b730531b1504da158f713ba8e85.dir
      size: 623037376
      nfiles: 60
