schema: '2.0'
stages:
  snakemake:
    cmd: snakemake --configfile=config/config.yml --profile workflow/profiles/nisaba
    deps:
    - path: config/config.yml
      md5: fc5c626ff79a513e3a8973c01b245324
      size: 5719
    outs:
    - path: results/annotated_variants
      md5: 67ba94d25ed90061d4fdc9868e84d68f.dir
      size: 410437306
      nfiles: 12
    - path: results/log
      md5: e9dec5ea50e43707f154d16778d4025e.dir
      size: 5693021
      nfiles: 193
    - path: results/model
      md5: 761bd377ab0d05ec724ac04168141a9a.dir
      size: 780063239
      nfiles: 92
