schema: '2.0'
stages:
  snakemake:
    cmd: snakemake --configfile=config/config.yml --profile workflow/profiles/nisaba
    deps:
    - path: config/config.yml
      md5: 105c24e163491cd08d851df60395a403
      size: 5369
    outs:
    - path: results/annotated_variants
      md5: 232172a66e21af8d21f98e2c935702c3.dir
      size: 102776123
      nfiles: 12
    - path: results/log
      md5: 17649661bb1477e6c99ae431c21af51e.dir
      size: 475846
      nfiles: 171
    - path: results/model
      md5: 219b65338b4d1edacf31da74bc96a562.dir
      size: 56470348
      nfiles: 22
